<?xml version="1.0" encoding="utf-8"?>
<Project ToolsVersion="4.0" xmlns="http://schemas.microsoft.com/developer/msbuild/2003">
  <ItemGroup>
    <Filter Include="Scene">
      <UniqueIdentifier>{a2ee0d85-36be-452b-b57a-a48d6de7c7df}</UniqueIdentifier>
    </Filter>
    <Filter Include="Common">
      <UniqueIdentifier>{f6a1f73b-7b57-466d-ada8-1861a44d2ab5}</UniqueIdentifier>
    </Filter>
    <Filter Include="FSM">
      <UniqueIdentifier>{e5fc9fc9-b046-453a-96e8-de973f951756}</UniqueIdentifier>
    </Filter>
    <Filter Include="Steering">
      <UniqueIdentifier>{662cc42e-9fa1-44dc-9189-899fcab1dc47}</UniqueIdentifier>
    </Filter>
    <Filter Include="Common\AStar_algorithm">
      <UniqueIdentifier>{f2a06715-739d-4582-bccd-f97ae85c4376}</UniqueIdentifier>
    </Filter>
    <Filter Include="Scene\AStarScene">
      <UniqueIdentifier>{627b33d5-8f9a-408c-9156-5824f33f0baa}</UniqueIdentifier>
    </Filter>
    <Filter Include="Scene\Puzzle15Scene">
      <UniqueIdentifier>{11cece1b-40dc-4117-af7d-898f845d9e22}</UniqueIdentifier>
    </Filter>
    <Filter Include="Scene\WorkerFSMScene">
      <UniqueIdentifier>{b385bbcd-3768-4c50-aa20-24eafe4f8e11}</UniqueIdentifier>
    </Filter>
    <Filter Include="Scene\SystemScenes">
      <UniqueIdentifier>{db330868-673b-45b5-9f19-70aa13e54682}</UniqueIdentifier>
    </Filter>
  </ItemGroup>
  <ItemGroup>
    <ClCompile Include="Application.cpp">
      <Filter>Common</Filter>
    </ClCompile>
    <ClCompile Include="FontManager.cpp">
      <Filter>Common</Filter>
    </ClCompile>
    <ClCompile Include="FPSCounter.cpp">
      <Filter>Common</Filter>
    </ClCompile>
    <ClCompile Include="Vector2.cpp">
      <Filter>Common</Filter>
    </ClCompile>
    <ClCompile Include="main.cpp" />
    <ClCompile Include="SteeringBehaviors.cpp">
      <Filter>Steering</Filter>
    </ClCompile>
    <ClCompile Include="Agent.cpp" />
    <ClCompile Include="AStar\AStar_cpp.h">
      <Filter>Common\AStar_algorithm</Filter>
    </ClCompile>
    <ClCompile Include="AStarScene.cpp">
      <Filter>Scene\AStarScene</Filter>
    </ClCompile>
    <ClCompile Include="GameScene.cpp">
      <Filter>Scene\SystemScenes</Filter>
    </ClCompile>
    <ClCompile Include="LoadingScene.cpp">
      <Filter>Scene\SystemScenes</Filter>
    </ClCompile>
    <ClCompile Include="MainMenuScene.cpp">
      <Filter>Scene\SystemScenes</Filter>
    </ClCompile>
    <ClCompile Include="Puzzle15Scene.cpp">
      <Filter>Scene\Puzzle15Scene</Filter>
    </ClCompile>
    <ClCompile Include="WorkerFSMScene.cpp">
      <Filter>Scene\WorkerFSMScene</Filter>
    </ClCompile>
    <ClCompile Include="MapNode.cpp">
      <Filter>Scene\AStarScene</Filter>
    </ClCompile>
    <ClCompile Include="MapData.cpp">
      <Filter>Scene\AStarScene</Filter>
    </ClCompile>
    <ClCompile Include="PuzzleGraph.cpp">
      <Filter>Scene\Puzzle15Scene</Filter>
    </ClCompile>
  </ItemGroup>
  <ItemGroup>
    <ClInclude Include="Application.h">
      <Filter>Common</Filter>
    </ClInclude>
    <ClInclude Include="FontEnum.h">
      <Filter>Common</Filter>
    </ClInclude>
    <ClInclude Include="FontManager.h">
      <Filter>Common</Filter>
    </ClInclude>
    <ClInclude Include="FPSCounter.h">
      <Filter>Common</Filter>
    </ClInclude>
    <ClInclude Include="Utils.h">
      <Filter>Common</Filter>
    </ClInclude>
    <ClInclude Include="Vector2.h">
      <Filter>Common</Filter>
    </ClInclude>
    <ClInclude Include="StateMachine.h">
      <Filter>FSM</Filter>
    </ClInclude>
    <ClInclude Include="State.h">
      <Filter>FSM</Filter>
    </ClInclude>
    <ClInclude Include="SteeringBehaviors.h">
      <Filter>Steering</Filter>
    </ClInclude>
    <ClInclude Include="Agent.h" />
    <ClInclude Include="AStar\AStar.h">
      <Filter>Common\AStar_algorithm</Filter>
    </ClInclude>
    <ClInclude Include="AStar\AStarNode.h">
      <Filter>Common\AStar_algorithm</Filter>
    </ClInclude>
    <ClInclude Include="AStarScene.h">
      <Filter>Scene\AStarScene</Filter>
    </ClInclude>
    <ClInclude Include="MainMenuScene.h">
      <Filter>Scene\SystemScenes</Filter>
    </ClInclude>
    <ClInclude Include="GameScene.h">
      <Filter>Scene\SystemScenes</Filter>
    </ClInclude>
    <ClInclude Include="IScene.h">
      <Filter>Scene\SystemScenes</Filter>
    </ClInclude>
    <ClInclude Include="LoadingScene.h">
      <Filter>Scene\SystemScenes</Filter>
    </ClInclude>
    <ClInclude Include="Puzzle15Scene.h">
      <Filter>Scene\Puzzle15Scene</Filter>
    </ClInclude>
    <ClInclude Include="SceneEnum.h">
      <Filter>Scene\SystemScenes</Filter>
    </ClInclude>
    <ClInclude Include="WorkerFSMScene.h">
      <Filter>Scene\WorkerFSMScene</Filter>
    </ClInclude>
    <ClInclude Include="MapData.h">
      <Filter>Scene\AStarScene</Filter>
    </ClInclude>
    <ClInclude Include="MapNode.h">
      <Filter>Scene\AStarScene</Filter>
    </ClInclude>
    <ClInclude Include="PuzzleGraph.h">
      <Filter>Scene\Puzzle15Scene</Filter>
    </ClInclude>
    <ClInclude Include="PuzzleNode.h">
      <Filter>Scene\Puzzle15Scene</Filter>
    </ClInclude>
  </ItemGroup>
</Project>